
Microsoft Visual Studio Solution File, Format Version 12.00
# Visual Studio Version 16
VisualStudioVersion = 16.0.30011.22
MinimumVisualStudioVersion = 10.0.40219.1
Project("{FAE04EC0-301F-11D3-BF4B-00C04F79EFBC}") = "EAVinogradov.CSWindowsForms.SixthLaboratory.FirstExample", "EAVinogradov.CSWindowsForms.SixthLaboratory.FirstExample\EAVinogradov.CSWindowsForms.SixthLaboratory.FirstExample.csproj", "{40265654-DB44-44F7-A1FC-58ECFBF173DE}"
EndProject
Project("{FAE04EC0-301F-11D3-BF4B-00C04F79EFBC}") = "EAVinogradov.CSWindowsForms.SixthLaboratory.SecondExample", "EAVinogradov.CSWindowsForms.SixthLaboratory.SecondExample\EAVinogradov.CSWindowsForms.SixthLaboratory.SecondExample.csproj", "{EA185FF2-F3BA-42B5-9F51-0ED9CB839395}"
EndProject
Project("{FAE04EC0-301F-11D3-BF4B-00C04F79EFBC}") = "EAVinogradov.CSWindowsForms.SixthLaboratory.ThirdExample", "EAVinogradov.CSWindowsForms.SixthLaboratory.ThirdExample\EAVinogradov.CSWindowsForms.SixthLaboratory.ThirdExample.csproj", "{B29D023B-0318-44D9-81E2-C9EFFBCA8573}"
EndProject
Global
	GlobalSection(SolutionConfigurationPlatforms) = preSolution
		Debug|Any CPU = Debug|Any CPU
		Release|Any CPU = Release|Any CPU
	EndGlobalSection
	GlobalSection(ProjectConfigurationPlatforms) = postSolution
		{40265654-DB44-44F7-A1FC-58ECFBF173DE}.Debug|Any CPU.ActiveCfg = Debug|Any CPU
		{40265654-DB44-44F7-A1FC-58ECFBF173DE}.Debug|Any CPU.Build.0 = Debug|Any CPU
		{40265654-DB44-44F7-A1FC-58ECFBF173DE}.Release|Any CPU.ActiveCfg = Release|Any CPU
		{40265654-DB44-44F7-A1FC-58ECFBF173DE}.Release|Any CPU.Build.0 = Release|Any CPU
		{EA185FF2-F3BA-42B5-9F51-0ED9CB839395}.Debug|Any CPU.ActiveCfg = Debug|Any CPU
		{EA185FF2-F3BA-42B5-9F51-0ED9CB839395}.Debug|Any CPU.Build.0 = Debug|Any CPU
		{EA185FF2-F3BA-42B5-9F51-0ED9CB839395}.Release|Any CPU.ActiveCfg = Release|Any CPU
		{EA185FF2-F3BA-42B5-9F51-0ED9CB839395}.Release|Any CPU.Build.0 = Release|Any CPU
		{B29D023B-0318-44D9-81E2-C9EFFBCA8573}.Debug|Any CPU.ActiveCfg = Debug|Any CPU
		{B29D023B-0318-44D9-81E2-C9EFFBCA8573}.Debug|Any CPU.Build.0 = Debug|Any CPU
		{B29D023B-0318-44D9-81E2-C9EFFBCA8573}.Release|Any CPU.ActiveCfg = Release|Any CPU
		{B29D023B-0318-44D9-81E2-C9EFFBCA8573}.Release|Any CPU.Build.0 = Release|Any CPU
	EndGlobalSection
	GlobalSection(SolutionProperties) = preSolution
		HideSolutionNode = FALSE
	EndGlobalSection
	GlobalSection(ExtensibilityGlobals) = postSolution
		SolutionGuid = {2944FB97-5986-4372-8FB9-76D5A9006C16}
	EndGlobalSection
EndGlobal
